PODS:
  - FlutterMacOS (1.0.0)
  - luster (0.1.0):
    - FlutterMacOS

DEPENDENCIES:
  - FlutterMacOS (from `Flutter/ephemeral`)
  - luster (from `Flutter/ephemeral/.symlinks/plugins/luster/macos`)

EXTERNAL SOURCES:
  FlutterMacOS:
    :path: Flutter/ephemeral
  luster:
    :path: Flutter/ephemeral/.symlinks/plugins/luster/macos

SPEC CHECKSUMS:
  FlutterMacOS: c232990155153907050900a2e175c7773903ba4e
  luster: 0679cfdb2d44a4d5156f478b0b7d49c6d5a0341f

PODFILE CHECKSUM: 1e95c36afbfd1cb6423ceca4de7a8e1b256fb6ac

COCOAPODS: 1.16.2
