PODS:
  - Flutter (1.0.0)
  - luster (0.1.0):
    - Flutter

DEPENDENCIES:
  - Flutter (from `Flutter`)
  - luster (from `.symlinks/plugins/luster/ios`)

EXTERNAL SOURCES:
  Flutter:
    :path: Flutter
  luster:
    :path: ".symlinks/plugins/luster/ios"

SPEC CHECKSUMS:
  Flutter: 71a624a5bc0c04062bf19101d501e466baf2fb47
  luster: bb54c09e7c47119bfc34c39525f5654840c6b12b

PODFILE CHECKSUM: 3ba3a73b1b12adcf321a227a745625fe0888cc82

COCOAPODS: 1.16.2
